
Microsoft Visual Studio Solution File, Format Version 12.00
# Visual Studio Version 17
VisualStudioVersion = 17.8.34525.116
MinimumVisualStudioVersion = 10.0.40219.1
Project("{888888A0-9F3D-457C-B088-3A5042F75D52}") = "PraktilinetööTARpv23", "PraktilinetööTARpv23.pyproj", "{C0096EDA-757F-4F13-9033-E4E7F389FD56}"
EndProject
Global
	GlobalSection(SolutionConfigurationPlatforms) = preSolution
		Debug|Any CPU = Debug|Any CPU
		Release|Any CPU = Release|Any CPU
	EndGlobalSection
	GlobalSection(ProjectConfigurationPlatforms) = postSolution
		{C0096EDA-757F-4F13-9033-E4E7F389FD56}.Debug|Any CPU.ActiveCfg = Debug|Any CPU
		{C0096EDA-757F-4F13-9033-E4E7F389FD56}.Release|Any CPU.ActiveCfg = Release|Any CPU
	EndGlobalSection
	GlobalSection(SolutionProperties) = preSolution
		HideSolutionNode = FALSE
	EndGlobalSection
	GlobalSection(ExtensibilityGlobals) = postSolution
		SolutionGuid = {8C9EEAE8-9830-4C59-8E9F-798EB95CC9BF}
	EndGlobalSection
EndGlobal
